
Microsoft Visual Studio Solution File, Format Version 9.00
# Visual C# Express 2005
Project("{FAE04EC0-301F-11D3-BF4B-00C04F79EFBC}") = "ComputerTimeTracker", "Application\ComputerTimeTracker.csproj", "{65BBBEF7-52CB-46FF-AE0B-69B4199261F1}"
EndProject
Project("{FAE04EC0-301F-11D3-BF4B-00C04F79EFBC}") = "TesterNUnit", "TesterNUnit\TesterNUnit.csproj", "{6C954E50-7228-40E2-BC56-13E7CE24C16F}"
EndProject
Project("{FAE04EC0-301F-11D3-BF4B-00C04F79EFBC}") = "TesterExecutable", "TesterExecutable\TesterExecutable.csproj", "{B04705D7-6844-449A-ADAA-2F9BAB80E546}"
EndProject
Global
	GlobalSection(SolutionConfigurationPlatforms) = preSolution
		Debug|Any CPU = Debug|Any CPU
		Release|Any CPU = Release|Any CPU
	EndGlobalSection
	GlobalSection(ProjectConfigurationPlatforms) = postSolution
		{65BBBEF7-52CB-46FF-AE0B-69B4199261F1}.Debug|Any CPU.ActiveCfg = Debug|Any CPU
		{65BBBEF7-52CB-46FF-AE0B-69B4199261F1}.Debug|Any CPU.Build.0 = Debug|Any CPU
		{65BBBEF7-52CB-46FF-AE0B-69B4199261F1}.Release|Any CPU.ActiveCfg = Release|Any CPU
		{65BBBEF7-52CB-46FF-AE0B-69B4199261F1}.Release|Any CPU.Build.0 = Release|Any CPU
		{6C954E50-7228-40E2-BC56-13E7CE24C16F}.Debug|Any CPU.ActiveCfg = Debug|Any CPU
		{6C954E50-7228-40E2-BC56-13E7CE24C16F}.Debug|Any CPU.Build.0 = Debug|Any CPU
		{6C954E50-7228-40E2-BC56-13E7CE24C16F}.Release|Any CPU.ActiveCfg = Release|Any CPU
		{6C954E50-7228-40E2-BC56-13E7CE24C16F}.Release|Any CPU.Build.0 = Release|Any CPU
		{B04705D7-6844-449A-ADAA-2F9BAB80E546}.Debug|Any CPU.ActiveCfg = Debug|Any CPU
		{B04705D7-6844-449A-ADAA-2F9BAB80E546}.Debug|Any CPU.Build.0 = Debug|Any CPU
		{B04705D7-6844-449A-ADAA-2F9BAB80E546}.Release|Any CPU.ActiveCfg = Release|Any CPU
		{B04705D7-6844-449A-ADAA-2F9BAB80E546}.Release|Any CPU.Build.0 = Release|Any CPU
	EndGlobalSection
	GlobalSection(SolutionProperties) = preSolution
		HideSolutionNode = FALSE
	EndGlobalSection
EndGlobal
